// !$*UTF8*$!
{
	archiveVersion = 1;
	classes = {
	};
	objectVersion = 46;
	objects = {

/* Begin PBXBuildFile section */
		1DE73A63B05CB3F528077BEB /* Pods_nsx_watcher.framework in Frameworks */ = {isa = PBXBuildFile; fileRef = DC599F112260A177FD02D6E5 /* Pods_nsx_watcher.framework */; };
		36D92DD9FFB91A6B96635356 /* Pods_nsx_watcherTests.framework in Frameworks */ = {isa = PBXBuildFile; fileRef = 773FFE5BC55429D672C1F4FE /* Pods_nsx_watcherTests.framework */; };
		6DD2045A1F1C41C400E67728 /* AppDelegate.swift in Sources */ = {isa = PBXBuildFile; fileRef = 6DD204591F1C41C400E67728 /* AppDelegate.swift */; };
		6DD2045C1F1C41C400E67728 /* WebViewController.swift in Sources */ = {isa = PBXBuildFile; fileRef = 6DD2045B1F1C41C400E67728 /* WebViewController.swift */; };
		6DD2045F1F1C41C400E67728 /* Main.storyboard in Resources */ = {isa = PBXBuildFile; fileRef = 6DD2045D1F1C41C400E67728 /* Main.storyboard */; };
		6DD204641F1C41C400E67728 /* Assets.xcassets in Resources */ = {isa = PBXBuildFile; fileRef = 6DD204631F1C41C400E67728 /* Assets.xcassets */; };
		6DD204671F1C41C400E67728 /* LaunchScreen.storyboard in Resources */ = {isa = PBXBuildFile; fileRef = 6DD204651F1C41C400E67728 /* LaunchScreen.storyboard */; };
		6DDED5241F1C50DD00200FBB /* WatcherAPI.swift in Sources */ = {isa = PBXBuildFile; fileRef = 6DDED5231F1C50DD00200FBB /* WatcherAPI.swift */; };
		6DDED53D1F1C888800200FBB /* Listing.swift in Sources */ = {isa = PBXBuildFile; fileRef = 6DDED53C1F1C888800200FBB /* Listing.swift */; };
		6DDED53F1F1DD78100200FBB /* URLComponents+queryItems.swift in Sources */ = {isa = PBXBuildFile; fileRef = 6DDED53E1F1DD78100200FBB /* URLComponents+queryItems.swift */; };
		6DDED5411F1DDC7100200FBB /* NSXAuctionListingsViewController.swift in Sources */ = {isa = PBXBuildFile; fileRef = 6DDED5401F1DDC7100200FBB /* NSXAuctionListingsViewController.swift */; };
		CB005BF521913A9B005F4CEE /* NSXAuctionListingCellViewModel.swift in Sources */ = {isa = PBXBuildFile; fileRef = CB005BF421913A9B005F4CEE /* NSXAuctionListingCellViewModel.swift */; };
		CB0E20492213E0B800B7FAC6 /* ListingModelTests.swift in Sources */ = {isa = PBXBuildFile; fileRef = CB0E20482213E0B800B7FAC6 /* ListingModelTests.swift */; };
		CB0E204D2213F02600B7FAC6 /* sample-json-response-complete-single-entry.json in Resources */ = {isa = PBXBuildFile; fileRef = CB0E204C2213F02600B7FAC6 /* sample-json-response-complete-single-entry.json */; };
		CB147FC02213A5970044258C /* NSXAuctionListingsViewModel.swift in Sources */ = {isa = PBXBuildFile; fileRef = CBE183A11F1EE14B00D8E65E /* NSXAuctionListingsViewModel.swift */; };
		CB147FC12213A59B0044258C /* NSXAuctionListingCellViewModel.swift in Sources */ = {isa = PBXBuildFile; fileRef = CB005BF421913A9B005F4CEE /* NSXAuctionListingCellViewModel.swift */; };
		CB147FC22213A59E0044258C /* WatcherAPI.swift in Sources */ = {isa = PBXBuildFile; fileRef = 6DDED5231F1C50DD00200FBB /* WatcherAPI.swift */; };
		CB147FC32213A6410044258C /* Listing.swift in Sources */ = {isa = PBXBuildFile; fileRef = 6DDED53C1F1C888800200FBB /* Listing.swift */; };
		CB147FC42213A6570044258C /* URLComponents+queryItems.swift in Sources */ = {isa = PBXBuildFile; fileRef = 6DDED53E1F1DD78100200FBB /* URLComponents+queryItems.swift */; };
		CB147FC62213A97A0044258C /* sample-json-response-complete.json in Resources */ = {isa = PBXBuildFile; fileRef = CB147FC52213A97A0044258C /* sample-json-response-complete.json */; };
		CB147FC92213ACBA0044258C /* JasParser.swift in Sources */ = {isa = PBXBuildFile; fileRef = CB147FC82213ACBA0044258C /* JasParser.swift */; };
		CB147FCA2213ACBA0044258C /* JasParser.swift in Sources */ = {isa = PBXBuildFile; fileRef = CB147FC82213ACBA0044258C /* JasParser.swift */; };
		CBE183A01F1EE12800D8E65E /* NSXAuctionListingCell.swift in Sources */ = {isa = PBXBuildFile; fileRef = CBE1839F1F1EE12800D8E65E /* NSXAuctionListingCell.swift */; };
		CBE183A21F1EE14B00D8E65E /* NSXAuctionListingsViewModel.swift in Sources */ = {isa = PBXBuildFile; fileRef = CBE183A11F1EE14B00D8E65E /* NSXAuctionListingsViewModel.swift */; };
		CBFC59BF2214F3D800B5206F /* JasParserTests.swift in Sources */ = {isa = PBXBuildFile; fileRef = CBFC59BE2214F3D800B5206F /* JasParserTests.swift */; };
		CBFC59C1221507E600B5206F /* sample-json-response-corrupted-entry.json in Resources */ = {isa = PBXBuildFile; fileRef = CBFC59C0221507E600B5206F /* sample-json-response-corrupted-entry.json */; };
/* End PBXBuildFile section */

/* Begin PBXContainerItemProxy section */
		CB147FBB2213A58B0044258C /* PBXContainerItemProxy */ = {
			isa = PBXContainerItemProxy;
			containerPortal = 6DD2044E1F1C41C400E67728 /* Project object */;
			proxyType = 1;
			remoteGlobalIDString = 6DD204551F1C41C400E67728;
			remoteInfo = "nsx-watcher";
		};
/* End PBXContainerItemProxy section */

/* Begin PBXFileReference section */
		1770EC37486B800D1326F389 /* Pods-nsx-watcher.debug.xcconfig */ = {isa = PBXFileReference; includeInIndex = 1; lastKnownFileType = text.xcconfig; name = "Pods-nsx-watcher.debug.xcconfig"; path = "Pods/Target Support Files/Pods-nsx-watcher/Pods-nsx-watcher.debug.xcconfig"; sourceTree = "<group>"; };
		2E520886264888D7E156C3FC /* Pods-nsx-watcherTests.debug.xcconfig */ = {isa = PBXFileReference; includeInIndex = 1; lastKnownFileType = text.xcconfig; name = "Pods-nsx-watcherTests.debug.xcconfig"; path = "Pods/Target Support Files/Pods-nsx-watcherTests/Pods-nsx-watcherTests.debug.xcconfig"; sourceTree = "<group>"; };
		6DD204561F1C41C400E67728 /* nsx-watcher.app */ = {isa = PBXFileReference; explicitFileType = wrapper.application; includeInIndex = 0; path = "nsx-watcher.app"; sourceTree = BUILT_PRODUCTS_DIR; };
		6DD204591F1C41C400E67728 /* AppDelegate.swift */ = {isa = PBXFileReference; lastKnownFileType = sourcecode.swift; path = AppDelegate.swift; sourceTree = "<group>"; };
		6DD2045B1F1C41C400E67728 /* WebViewController.swift */ = {isa = PBXFileReference; lastKnownFileType = sourcecode.swift; path = WebViewController.swift; sourceTree = "<group>"; };
		6DD2045E1F1C41C400E67728 /* Base */ = {isa = PBXFileReference; lastKnownFileType = file.storyboard; name = Base; path = Base.lproj/Main.storyboard; sourceTree = "<group>"; };
		6DD204631F1C41C400E67728 /* Assets.xcassets */ = {isa = PBXFileReference; lastKnownFileType = folder.assetcatalog; path = Assets.xcassets; sourceTree = "<group>"; };
		6DD204661F1C41C400E67728 /* Base */ = {isa = PBXFileReference; lastKnownFileType = file.storyboard; name = Base; path = Base.lproj/LaunchScreen.storyboard; sourceTree = "<group>"; };
		6DD204681F1C41C400E67728 /* Info.plist */ = {isa = PBXFileReference; lastKnownFileType = text.plist.xml; path = Info.plist; sourceTree = "<group>"; };
		6DD2046E1F1C41FC00E67728 /* README.md */ = {isa = PBXFileReference; fileEncoding = 4; lastKnownFileType = net.daringfireball.markdown; path = README.md; sourceTree = "<group>"; };
		6DDED5231F1C50DD00200FBB /* WatcherAPI.swift */ = {isa = PBXFileReference; fileEncoding = 4; lastKnownFileType = sourcecode.swift; path = WatcherAPI.swift; sourceTree = "<group>"; };
		6DDED5251F1C52B200200FBB /* BridgingHeader.h */ = {isa = PBXFileReference; lastKnownFileType = sourcecode.c.h; path = BridgingHeader.h; sourceTree = "<group>"; };
		6DDED53C1F1C888800200FBB /* Listing.swift */ = {isa = PBXFileReference; fileEncoding = 4; lastKnownFileType = sourcecode.swift; path = Listing.swift; sourceTree = "<group>"; };
		6DDED53E1F1DD78100200FBB /* URLComponents+queryItems.swift */ = {isa = PBXFileReference; fileEncoding = 4; lastKnownFileType = sourcecode.swift; path = "URLComponents+queryItems.swift"; sourceTree = "<group>"; };
		6DDED5401F1DDC7100200FBB /* NSXAuctionListingsViewController.swift */ = {isa = PBXFileReference; fileEncoding = 4; lastKnownFileType = sourcecode.swift; path = NSXAuctionListingsViewController.swift; sourceTree = "<group>"; };
		773FFE5BC55429D672C1F4FE /* Pods_nsx_watcherTests.framework */ = {isa = PBXFileReference; explicitFileType = wrapper.framework; includeInIndex = 0; path = Pods_nsx_watcherTests.framework; sourceTree = BUILT_PRODUCTS_DIR; };
		AC69BCB8BA132EFC945ECFF9 /* Pods-nsx-watcher.release.xcconfig */ = {isa = PBXFileReference; includeInIndex = 1; lastKnownFileType = text.xcconfig; name = "Pods-nsx-watcher.release.xcconfig"; path = "Pods/Target Support Files/Pods-nsx-watcher/Pods-nsx-watcher.release.xcconfig"; sourceTree = "<group>"; };
		CB005BF421913A9B005F4CEE /* NSXAuctionListingCellViewModel.swift */ = {isa = PBXFileReference; lastKnownFileType = sourcecode.swift; path = NSXAuctionListingCellViewModel.swift; sourceTree = "<group>"; };
		CB0E20482213E0B800B7FAC6 /* ListingModelTests.swift */ = {isa = PBXFileReference; lastKnownFileType = sourcecode.swift; path = ListingModelTests.swift; sourceTree = "<group>"; };
		CB0E204C2213F02600B7FAC6 /* sample-json-response-complete-single-entry.json */ = {isa = PBXFileReference; fileEncoding = 4; lastKnownFileType = text.json; path = "sample-json-response-complete-single-entry.json"; sourceTree = "<group>"; };
		CB147FB62213A58B0044258C /* nsx-watcherTests.xctest */ = {isa = PBXFileReference; explicitFileType = wrapper.cfbundle; includeInIndex = 0; path = "nsx-watcherTests.xctest"; sourceTree = BUILT_PRODUCTS_DIR; };
		CB147FBA2213A58B0044258C /* Info.plist */ = {isa = PBXFileReference; lastKnownFileType = text.plist.xml; path = Info.plist; sourceTree = "<group>"; };
		CB147FC52213A97A0044258C /* sample-json-response-complete.json */ = {isa = PBXFileReference; lastKnownFileType = text.json; path = "sample-json-response-complete.json"; sourceTree = "<group>"; };
		CB147FC82213ACBA0044258C /* JasParser.swift */ = {isa = PBXFileReference; lastKnownFileType = sourcecode.swift; path = JasParser.swift; sourceTree = "<group>"; };
		CBE1839F1F1EE12800D8E65E /* NSXAuctionListingCell.swift */ = {isa = PBXFileReference; fileEncoding = 4; lastKnownFileType = sourcecode.swift; path = NSXAuctionListingCell.swift; sourceTree = "<group>"; };
		CBE183A11F1EE14B00D8E65E /* NSXAuctionListingsViewModel.swift */ = {isa = PBXFileReference; fileEncoding = 4; lastKnownFileType = sourcecode.swift; path = NSXAuctionListingsViewModel.swift; sourceTree = "<group>"; };
		CBFC59BE2214F3D800B5206F /* JasParserTests.swift */ = {isa = PBXFileReference; lastKnownFileType = sourcecode.swift; path = JasParserTests.swift; sourceTree = "<group>"; };
		CBFC59C0221507E600B5206F /* sample-json-response-corrupted-entry.json */ = {isa = PBXFileReference; lastKnownFileType = text.json; path = "sample-json-response-corrupted-entry.json"; sourceTree = "<group>"; };
		DC599F112260A177FD02D6E5 /* Pods_nsx_watcher.framework */ = {isa = PBXFileReference; explicitFileType = wrapper.framework; includeInIndex = 0; path = Pods_nsx_watcher.framework; sourceTree = BUILT_PRODUCTS_DIR; };
		DCE9B78342A6042859714183 /* Pods-nsx-watcherTests.release.xcconfig */ = {isa = PBXFileReference; includeInIndex = 1; lastKnownFileType = text.xcconfig; name = "Pods-nsx-watcherTests.release.xcconfig"; path = "Pods/Target Support Files/Pods-nsx-watcherTests/Pods-nsx-watcherTests.release.xcconfig"; sourceTree = "<group>"; };
/* End PBXFileReference section */

/* Begin PBXFrameworksBuildPhase section */
		6DD204531F1C41C400E67728 /* Frameworks */ = {
			isa = PBXFrameworksBuildPhase;
			buildActionMask = 2147483647;
			files = (
				1DE73A63B05CB3F528077BEB /* Pods_nsx_watcher.framework in Frameworks */,
			);
			runOnlyForDeploymentPostprocessing = 0;
		};
		CB147FB32213A58B0044258C /* Frameworks */ = {
			isa = PBXFrameworksBuildPhase;
			buildActionMask = 2147483647;
			files = (
				36D92DD9FFB91A6B96635356 /* Pods_nsx_watcherTests.framework in Frameworks */,
			);
			runOnlyForDeploymentPostprocessing = 0;
		};
/* End PBXFrameworksBuildPhase section */

/* Begin PBXGroup section */
		1DA91EC3EA0005D050DB44B5 /* Pods */ = {
			isa = PBXGroup;
			children = (
				1770EC37486B800D1326F389 /* Pods-nsx-watcher.debug.xcconfig */,
				AC69BCB8BA132EFC945ECFF9 /* Pods-nsx-watcher.release.xcconfig */,
				2E520886264888D7E156C3FC /* Pods-nsx-watcherTests.debug.xcconfig */,
				DCE9B78342A6042859714183 /* Pods-nsx-watcherTests.release.xcconfig */,
			);
			name = Pods;
			sourceTree = "<group>";
		};
		6DD2044D1F1C41C400E67728 = {
			isa = PBXGroup;
			children = (
				6DD204581F1C41C400E67728 /* nsx-watcher */,
				CB147FB72213A58B0044258C /* nsx-watcherTests */,
				6DD204571F1C41C400E67728 /* Products */,
				6DD2046E1F1C41FC00E67728 /* README.md */,
				1DA91EC3EA0005D050DB44B5 /* Pods */,
				D1784A13697B044399DA2534 /* Frameworks */,
			);
			sourceTree = "<group>";
		};
		6DD204571F1C41C400E67728 /* Products */ = {
			isa = PBXGroup;
			children = (
				6DD204561F1C41C400E67728 /* nsx-watcher.app */,
				CB147FB62213A58B0044258C /* nsx-watcherTests.xctest */,
			);
			name = Products;
			sourceTree = "<group>";
		};
		6DD204581F1C41C400E67728 /* nsx-watcher */ = {
			isa = PBXGroup;
			children = (
				CB005BF321913A5B005F4CEE /* AuctionListing */,
				6DD204591F1C41C400E67728 /* AppDelegate.swift */,
				6DDED5231F1C50DD00200FBB /* WatcherAPI.swift */,
				6DD2045B1F1C41C400E67728 /* WebViewController.swift */,
				6DD2045D1F1C41C400E67728 /* Main.storyboard */,
				6DD204631F1C41C400E67728 /* Assets.xcassets */,
				6DD204651F1C41C400E67728 /* LaunchScreen.storyboard */,
				6DD204681F1C41C400E67728 /* Info.plist */,
				6DDED5251F1C52B200200FBB /* BridgingHeader.h */,
				6DDED53E1F1DD78100200FBB /* URLComponents+queryItems.swift */,
				6DDED5261F1C7BED00200FBB /* models */,
			);
			path = "nsx-watcher";
			sourceTree = "<group>";
		};
		6DDED5261F1C7BED00200FBB /* models */ = {
			isa = PBXGroup;
			children = (
				6DDED53C1F1C888800200FBB /* Listing.swift */,
				CB147FC82213ACBA0044258C /* JasParser.swift */,
			);
			path = models;
			sourceTree = "<group>";
		};
		CB005BF321913A5B005F4CEE /* AuctionListing */ = {
			isa = PBXGroup;
			children = (
				6DDED5401F1DDC7100200FBB /* NSXAuctionListingsViewController.swift */,
				CBE183A11F1EE14B00D8E65E /* NSXAuctionListingsViewModel.swift */,
				CBE1839F1F1EE12800D8E65E /* NSXAuctionListingCell.swift */,
				CB005BF421913A9B005F4CEE /* NSXAuctionListingCellViewModel.swift */,
			);
			path = AuctionListing;
			sourceTree = "<group>";
		};
		CB147FB72213A58B0044258C /* nsx-watcherTests */ = {
			isa = PBXGroup;
			children = (
				CB147FC72213A97E0044258C /* SampleJsons */,
				CB0E20482213E0B800B7FAC6 /* ListingModelTests.swift */,
				CBFC59BE2214F3D800B5206F /* JasParserTests.swift */,
				CB147FBA2213A58B0044258C /* Info.plist */,
			);
			path = "nsx-watcherTests";
			sourceTree = "<group>";
		};
		CB147FC72213A97E0044258C /* SampleJsons */ = {
			isa = PBXGroup;
			children = (
				CB147FC52213A97A0044258C /* sample-json-response-complete.json */,
				CB0E204C2213F02600B7FAC6 /* sample-json-response-complete-single-entry.json */,
				CBFC59C0221507E600B5206F /* sample-json-response-corrupted-entry.json */,
			);
			path = SampleJsons;
			sourceTree = "<group>";
		};
		D1784A13697B044399DA2534 /* Frameworks */ = {
			isa = PBXGroup;
			children = (
				DC599F112260A177FD02D6E5 /* Pods_nsx_watcher.framework */,
				773FFE5BC55429D672C1F4FE /* Pods_nsx_watcherTests.framework */,
			);
			name = Frameworks;
			sourceTree = "<group>";
		};
/* End PBXGroup section */

/* Begin PBXNativeTarget section */
		6DD204551F1C41C400E67728 /* nsx-watcher */ = {
			isa = PBXNativeTarget;
			buildConfigurationList = 6DD2046B1F1C41C400E67728 /* Build configuration list for PBXNativeTarget "nsx-watcher" */;
			buildPhases = (
				D9C957473A858C6F53E80C88 /* [CP] Check Pods Manifest.lock */,
				6DD204521F1C41C400E67728 /* Sources */,
				6DD204531F1C41C400E67728 /* Frameworks */,
				6DD204541F1C41C400E67728 /* Resources */,
				5F9DF2B1BA98B83A79DC3EB2 /* [CP] Embed Pods Frameworks */,
				CBE183A31F1EEF1F00D8E65E /* Increment build number */,
			);
			buildRules = (
			);
			dependencies = (
			);
			name = "nsx-watcher";
			productName = "nsx-watcher";
			productReference = 6DD204561F1C41C400E67728 /* nsx-watcher.app */;
			productType = "com.apple.product-type.application";
		};
		CB147FB52213A58B0044258C /* nsx-watcherTests */ = {
			isa = PBXNativeTarget;
			buildConfigurationList = CB147FBF2213A58B0044258C /* Build configuration list for PBXNativeTarget "nsx-watcherTests" */;
			buildPhases = (
				463CD8A92FD84D9BAF29E68D /* [CP] Check Pods Manifest.lock */,
				CB147FB22213A58B0044258C /* Sources */,
				CB147FB32213A58B0044258C /* Frameworks */,
				CB147FB42213A58B0044258C /* Resources */,
				C6E9E426C1ECAE0AE1209C2B /* [CP] Embed Pods Frameworks */,
			);
			buildRules = (
			);
			dependencies = (
				CB147FBC2213A58B0044258C /* PBXTargetDependency */,
			);
			name = "nsx-watcherTests";
			productName = "nsx-watcherTests";
			productReference = CB147FB62213A58B0044258C /* nsx-watcherTests.xctest */;
			productType = "com.apple.product-type.bundle.unit-test";
		};
/* End PBXNativeTarget section */

/* Begin PBXProject section */
		6DD2044E1F1C41C400E67728 /* Project object */ = {
			isa = PBXProject;
			attributes = {
				LastSwiftUpdateCheck = 1010;
				LastUpgradeCheck = 1010;
				ORGANIZATIONNAME = "Henshin Soft Pty Ltd";
				TargetAttributes = {
					6DD204551F1C41C400E67728 = {
						CreatedOnToolsVersion = 8.3.3;
						DevelopmentTeam = 5U8WFJ5LAS;
						LastSwiftMigration = 1010;
						ProvisioningStyle = Automatic;
					};
					CB147FB52213A58B0044258C = {
						CreatedOnToolsVersion = 10.1;
						DevelopmentTeam = 5U8WFJ5LAS;
						ProvisioningStyle = Automatic;
						TestTargetID = 6DD204551F1C41C400E67728;
					};
				};
			};
			buildConfigurationList = 6DD204511F1C41C400E67728 /* Build configuration list for PBXProject "nsx-watcher" */;
			compatibilityVersion = "Xcode 3.2";
			developmentRegion = English;
			hasScannedForEncodings = 0;
			knownRegions = (
				en,
				Base,
			);
			mainGroup = 6DD2044D1F1C41C400E67728;
			productRefGroup = 6DD204571F1C41C400E67728 /* Products */;
			projectDirPath = "";
			projectRoot = "";
			targets = (
				6DD204551F1C41C400E67728 /* nsx-watcher */,
				CB147FB52213A58B0044258C /* nsx-watcherTests */,
			);
		};
/* End PBXProject section */

/* Begin PBXResourcesBuildPhase section */
		6DD204541F1C41C400E67728 /* Resources */ = {
			isa = PBXResourcesBuildPhase;
			buildActionMask = 2147483647;
			files = (
				6DD204671F1C41C400E67728 /* LaunchScreen.storyboard in Resources */,
				6DD204641F1C41C400E67728 /* Assets.xcassets in Resources */,
				6DD2045F1F1C41C400E67728 /* Main.storyboard in Resources */,
			);
			runOnlyForDeploymentPostprocessing = 0;
		};
		CB147FB42213A58B0044258C /* Resources */ = {
			isa = PBXResourcesBuildPhase;
			buildActionMask = 2147483647;
			files = (
				CBFC59C1221507E600B5206F /* sample-json-response-corrupted-entry.json in Resources */,
				CB0E204D2213F02600B7FAC6 /* sample-json-response-complete-single-entry.json in Resources */,
				CB147FC62213A97A0044258C /* sample-json-response-complete.json in Resources */,
			);
			runOnlyForDeploymentPostprocessing = 0;
		};
/* End PBXResourcesBuildPhase section */

/* Begin PBXShellScriptBuildPhase section */
		463CD8A92FD84D9BAF29E68D /* [CP] Check Pods Manifest.lock */ = {
			isa = PBXShellScriptBuildPhase;
			buildActionMask = 2147483647;
			files = (
			);
			inputFileListPaths = (
			);
			inputPaths = (
				"${PODS_PODFILE_DIR_PATH}/Podfile.lock",
				"${PODS_ROOT}/Manifest.lock",
			);
			name = "[CP] Check Pods Manifest.lock";
			outputFileListPaths = (
			);
			outputPaths = (
				"$(DERIVED_FILE_DIR)/Pods-nsx-watcherTests-checkManifestLockResult.txt",
			);
			runOnlyForDeploymentPostprocessing = 0;
			shellPath = /bin/sh;
			shellScript = "diff \"${PODS_PODFILE_DIR_PATH}/Podfile.lock\" \"${PODS_ROOT}/Manifest.lock\" > /dev/null\nif [ $? != 0 ] ; then\n    # print error to STDERR\n    echo \"error: The sandbox is not in sync with the Podfile.lock. Run 'pod install' or update your CocoaPods installation.\" >&2\n    exit 1\nfi\n# This output is used by Xcode 'outputs' to avoid re-running this script phase.\necho \"SUCCESS\" > \"${SCRIPT_OUTPUT_FILE_0}\"\n";
			showEnvVarsInLog = 0;
		};
		5F9DF2B1BA98B83A79DC3EB2 /* [CP] Embed Pods Frameworks */ = {
			isa = PBXShellScriptBuildPhase;
			buildActionMask = 2147483647;
			files = (
			);
			inputPaths = (
				"${PODS_ROOT}/Target Support Files/Pods-nsx-watcher/Pods-nsx-watcher-frameworks.sh",
				"${BUILT_PRODUCTS_DIR}/ARSLineProgress/ARSLineProgress.framework",
				"${BUILT_PRODUCTS_DIR}/Alamofire/Alamofire.framework",
				"${BUILT_PRODUCTS_DIR}/AlamofireImage/AlamofireImage.framework",
				"${BUILT_PRODUCTS_DIR}/HTMLKit/HTMLKit.framework",
				"${BUILT_PRODUCTS_DIR}/RxAtomic/RxAtomic.framework",
				"${BUILT_PRODUCTS_DIR}/RxCocoa/RxCocoa.framework",
				"${BUILT_PRODUCTS_DIR}/RxSwift/RxSwift.framework",
			);
			name = "[CP] Embed Pods Frameworks";
			outputPaths = (
				"${TARGET_BUILD_DIR}/${FRAMEWORKS_FOLDER_PATH}/ARSLineProgress.framework",
				"${TARGET_BUILD_DIR}/${FRAMEWORKS_FOLDER_PATH}/Alamofire.framework",
				"${TARGET_BUILD_DIR}/${FRAMEWORKS_FOLDER_PATH}/AlamofireImage.framework",
				"${TARGET_BUILD_DIR}/${FRAMEWORKS_FOLDER_PATH}/HTMLKit.framework",
				"${TARGET_BUILD_DIR}/${FRAMEWORKS_FOLDER_PATH}/RxAtomic.framework",
				"${TARGET_BUILD_DIR}/${FRAMEWORKS_FOLDER_PATH}/RxCocoa.framework",
				"${TARGET_BUILD_DIR}/${FRAMEWORKS_FOLDER_PATH}/RxSwift.framework",
			);
			runOnlyForDeploymentPostprocessing = 0;
			shellPath = /bin/sh;
			shellScript = "\"${PODS_ROOT}/Target Support Files/Pods-nsx-watcher/Pods-nsx-watcher-frameworks.sh\"\n";
			showEnvVarsInLog = 0;
		};
		C6E9E426C1ECAE0AE1209C2B /* [CP] Embed Pods Frameworks */ = {
			isa = PBXShellScriptBuildPhase;
			buildActionMask = 2147483647;
			files = (
			);
			inputFileListPaths = (
			);
			inputPaths = (
				"${PODS_ROOT}/Target Support Files/Pods-nsx-watcherTests/Pods-nsx-watcherTests-frameworks.sh",
				"${BUILT_PRODUCTS_DIR}/ARSLineProgress/ARSLineProgress.framework",
				"${BUILT_PRODUCTS_DIR}/Alamofire/Alamofire.framework",
				"${BUILT_PRODUCTS_DIR}/AlamofireImage/AlamofireImage.framework",
				"${BUILT_PRODUCTS_DIR}/HTMLKit/HTMLKit.framework",
				"${BUILT_PRODUCTS_DIR}/RxAtomic/RxAtomic.framework",
				"${BUILT_PRODUCTS_DIR}/RxCocoa/RxCocoa.framework",
				"${BUILT_PRODUCTS_DIR}/RxSwift/RxSwift.framework",
			);
			name = "[CP] Embed Pods Frameworks";
			outputFileListPaths = (
			);
			outputPaths = (
				"${TARGET_BUILD_DIR}/${FRAMEWORKS_FOLDER_PATH}/ARSLineProgress.framework",
				"${TARGET_BUILD_DIR}/${FRAMEWORKS_FOLDER_PATH}/Alamofire.framework",
				"${TARGET_BUILD_DIR}/${FRAMEWORKS_FOLDER_PATH}/AlamofireImage.framework",
				"${TARGET_BUILD_DIR}/${FRAMEWORKS_FOLDER_PATH}/HTMLKit.framework",
				"${TARGET_BUILD_DIR}/${FRAMEWORKS_FOLDER_PATH}/RxAtomic.framework",
				"${TARGET_BUILD_DIR}/${FRAMEWORKS_FOLDER_PATH}/RxCocoa.framework",
				"${TARGET_BUILD_DIR}/${FRAMEWORKS_FOLDER_PATH}/RxSwift.framework",
			);
			runOnlyForDeploymentPostprocessing = 0;
			shellPath = /bin/sh;
			shellScript = "\"${PODS_ROOT}/Target Support Files/Pods-nsx-watcherTests/Pods-nsx-watcherTests-frameworks.sh\"\n";
			showEnvVarsInLog = 0;
		};
		CBE183A31F1EEF1F00D8E65E /* Increment build number */ = {
			isa = PBXShellScriptBuildPhase;
			buildActionMask = 2147483647;
			files = (
			);
			inputPaths = (
			);
			name = "Increment build number";
			outputPaths = (
			);
			runOnlyForDeploymentPostprocessing = 0;
			shellPath = /usr/bin/ruby;
			shellScript = "ver = `git rev-list --all |wc -l`.strip\nputs \"Build number is #{ver}\"\nfilepath = \"#{ENV['BUILT_PRODUCTS_DIR']}/#{ENV['INFOPLIST_PATH']}\"\nputs \"Updating #{filepath}\"\n`/usr/libexec/PlistBuddy -c \"Set :CFBundleVersion #{ver}\" \"#{filepath}\"`\nfilepath = \"#{ENV['DWARF_DSYM_FOLDER_PATH']}/#{ENV['DWARF_DSYM_FILE_NAME']}/Contents/Info.plist\"\nputs \"Updating dSYM at #{filepath}\"\n`/usr/libexec/PlistBuddy -c \"Set :CFBundleVersion #{ver}\" \"#{filepath}\"`";
		};
		D9C957473A858C6F53E80C88 /* [CP] Check Pods Manifest.lock */ = {
			isa = PBXShellScriptBuildPhase;
			buildActionMask = 2147483647;
			files = (
			);
			inputPaths = (
				"${PODS_PODFILE_DIR_PATH}/Podfile.lock",
				"${PODS_ROOT}/Manifest.lock",
			);
			name = "[CP] Check Pods Manifest.lock";
			outputPaths = (
				"$(DERIVED_FILE_DIR)/Pods-nsx-watcher-checkManifestLockResult.txt",
			);
			runOnlyForDeploymentPostprocessing = 0;
			shellPath = /bin/sh;
			shellScript = "diff \"${PODS_PODFILE_DIR_PATH}/Podfile.lock\" \"${PODS_ROOT}/Manifest.lock\" > /dev/null\nif [ $? != 0 ] ; then\n    # print error to STDERR\n    echo \"error: The sandbox is not in sync with the Podfile.lock. Run 'pod install' or update your CocoaPods installation.\" >&2\n    exit 1\nfi\n# This output is used by Xcode 'outputs' to avoid re-running this script phase.\necho \"SUCCESS\" > \"${SCRIPT_OUTPUT_FILE_0}\"\n";
			showEnvVarsInLog = 0;
		};
/* End PBXShellScriptBuildPhase section */

/* Begin PBXSourcesBuildPhase section */
		6DD204521F1C41C400E67728 /* Sources */ = {
			isa = PBXSourcesBuildPhase;
			buildActionMask = 2147483647;
			files = (
				6DDED5411F1DDC7100200FBB /* NSXAuctionListingsViewController.swift in Sources */,
				6DDED5241F1C50DD00200FBB /* WatcherAPI.swift in Sources */,
				CB005BF521913A9B005F4CEE /* NSXAuctionListingCellViewModel.swift in Sources */,
				6DD2045C1F1C41C400E67728 /* WebViewController.swift in Sources */,
				CBE183A01F1EE12800D8E65E /* NSXAuctionListingCell.swift in Sources */,
				6DDED53D1F1C888800200FBB /* Listing.swift in Sources */,
				6DDED53F1F1DD78100200FBB /* URLComponents+queryItems.swift in Sources */,
				CBE183A21F1EE14B00D8E65E /* NSXAuctionListingsViewModel.swift in Sources */,
				6DD2045A1F1C41C400E67728 /* AppDelegate.swift in Sources */,
				CB147FC92213ACBA0044258C /* JasParser.swift in Sources */,
			);
			runOnlyForDeploymentPostprocessing = 0;
		};
		CB147FB22213A58B0044258C /* Sources */ = {
			isa = PBXSourcesBuildPhase;
			buildActionMask = 2147483647;
			files = (
				CB147FC12213A59B0044258C /* NSXAuctionListingCellViewModel.swift in Sources */,
				CB147FC32213A6410044258C /* Listing.swift in Sources */,
				CB0E20492213E0B800B7FAC6 /* ListingModelTests.swift in Sources */,
				CB147FC42213A6570044258C /* URLComponents+queryItems.swift in Sources */,
				CB147FCA2213ACBA0044258C /* JasParser.swift in Sources */,
				CBFC59BF2214F3D800B5206F /* JasParserTests.swift in Sources */,
				CB147FC02213A5970044258C /* NSXAuctionListingsViewModel.swift in Sources */,
				CB147FC22213A59E0044258C /* WatcherAPI.swift in Sources */,
			);
			runOnlyForDeploymentPostprocessing = 0;
		};
/* End PBXSourcesBuildPhase section */

/* Begin PBXTargetDependency section */
		CB147FBC2213A58B0044258C /* PBXTargetDependency */ = {
			isa = PBXTargetDependency;
			target = 6DD204551F1C41C400E67728 /* nsx-watcher */;
			targetProxy = CB147FBB2213A58B0044258C /* PBXContainerItemProxy */;
		};
/* End PBXTargetDependency section */

/* Begin PBXVariantGroup section */
		6DD2045D1F1C41C400E67728 /* Main.storyboard */ = {
			isa = PBXVariantGroup;
			children = (
				6DD2045E1F1C41C400E67728 /* Base */,
			);
			name = Main.storyboard;
			sourceTree = "<group>";
		};
		6DD204651F1C41C400E67728 /* LaunchScreen.storyboard */ = {
			isa = PBXVariantGroup;
			children = (
				6DD204661F1C41C400E67728 /* Base */,
			);
			name = LaunchScreen.storyboard;
			sourceTree = "<group>";
		};
/* End PBXVariantGroup section */

/* Begin XCBuildConfiguration section */
		6DD204691F1C41C400E67728 /* Debug */ = {
			isa = XCBuildConfiguration;
			buildSettings = {
				ALWAYS_SEARCH_USER_PATHS = NO;
				CLANG_ANALYZER_NONNULL = YES;
				CLANG_ANALYZER_NUMBER_OBJECT_CONVERSION = YES_AGGRESSIVE;
				CLANG_CXX_LANGUAGE_STANDARD = "gnu++0x";
				CLANG_CXX_LIBRARY = "libc++";
				CLANG_ENABLE_MODULES = YES;
				CLANG_ENABLE_OBJC_ARC = YES;
				CLANG_WARN_BLOCK_CAPTURE_AUTORELEASING = YES;
				CLANG_WARN_BOOL_CONVERSION = YES;
				CLANG_WARN_COMMA = YES;
				CLANG_WARN_CONSTANT_CONVERSION = YES;
				CLANG_WARN_DEPRECATED_OBJC_IMPLEMENTATIONS = YES;
				CLANG_WARN_DIRECT_OBJC_ISA_USAGE = YES_ERROR;
				CLANG_WARN_DOCUMENTATION_COMMENTS = YES;
				CLANG_WARN_EMPTY_BODY = YES;
				CLANG_WARN_ENUM_CONVERSION = YES;
				CLANG_WARN_INFINITE_RECURSION = YES;
				CLANG_WARN_INT_CONVERSION = YES;
				CLANG_WARN_NON_LITERAL_NULL_CONVERSION = YES;
				CLANG_WARN_OBJC_IMPLICIT_RETAIN_SELF = YES;
				CLANG_WARN_OBJC_LITERAL_CONVERSION = YES;
				CLANG_WARN_OBJC_ROOT_CLASS = YES_ERROR;
				CLANG_WARN_RANGE_LOOP_ANALYSIS = YES;
				CLANG_WARN_STRICT_PROTOTYPES = YES;
				CLANG_WARN_SUSPICIOUS_MOVE = YES;
				CLANG_WARN_UNREACHABLE_CODE = YES;
				CLANG_WARN__DUPLICATE_METHOD_MATCH = YES;
				"CODE_SIGN_IDENTITY[sdk=iphoneos*]" = "iPhone Developer";
				COPY_PHASE_STRIP = NO;
				DEBUG_INFORMATION_FORMAT = dwarf;
				ENABLE_STRICT_OBJC_MSGSEND = YES;
				ENABLE_TESTABILITY = YES;
				GCC_C_LANGUAGE_STANDARD = gnu99;
				GCC_DYNAMIC_NO_PIC = NO;
				GCC_NO_COMMON_BLOCKS = YES;
				GCC_OPTIMIZATION_LEVEL = 0;
				GCC_PREPROCESSOR_DEFINITIONS = (
					"DEBUG=1",
					"$(inherited)",
				);
				GCC_WARN_64_TO_32_BIT_CONVERSION = YES;
				GCC_WARN_ABOUT_RETURN_TYPE = YES_ERROR;
				GCC_WARN_UNDECLARED_SELECTOR = YES;
				GCC_WARN_UNINITIALIZED_AUTOS = YES_AGGRESSIVE;
				GCC_WARN_UNUSED_FUNCTION = YES;
				GCC_WARN_UNUSED_VARIABLE = YES;
				IPHONEOS_DEPLOYMENT_TARGET = 10.3;
				MTL_ENABLE_DEBUG_INFO = YES;
				ONLY_ACTIVE_ARCH = YES;
				SDKROOT = iphoneos;
				SWIFT_ACTIVE_COMPILATION_CONDITIONS = DEBUG;
				SWIFT_OPTIMIZATION_LEVEL = "-Onone";
				SWIFT_VERSION = 3.0;
				TARGETED_DEVICE_FAMILY = "1,2";
			};
			name = Debug;
		};
		6DD2046A1F1C41C400E67728 /* Release */ = {
			isa = XCBuildConfiguration;
			buildSettings = {
				ALWAYS_SEARCH_USER_PATHS = NO;
				CLANG_ANALYZER_NONNULL = YES;
				CLANG_ANALYZER_NUMBER_OBJECT_CONVERSION = YES_AGGRESSIVE;
				CLANG_CXX_LANGUAGE_STANDARD = "gnu++0x";
				CLANG_CXX_LIBRARY = "libc++";
				CLANG_ENABLE_MODULES = YES;
				CLANG_ENABLE_OBJC_ARC = YES;
				CLANG_WARN_BLOCK_CAPTURE_AUTORELEASING = YES;
				CLANG_WARN_BOOL_CONVERSION = YES;
				CLANG_WARN_COMMA = YES;
				CLANG_WARN_CONSTANT_CONVERSION = YES;
				CLANG_WARN_DEPRECATED_OBJC_IMPLEMENTATIONS = YES;
				CLANG_WARN_DIRECT_OBJC_ISA_USAGE = YES_ERROR;
				CLANG_WARN_DOCUMENTATION_COMMENTS = YES;
				CLANG_WARN_EMPTY_BODY = YES;
				CLANG_WARN_ENUM_CONVERSION = YES;
				CLANG_WARN_INFINITE_RECURSION = YES;
				CLANG_WARN_INT_CONVERSION = YES;
				CLANG_WARN_NON_LITERAL_NULL_CONVERSION = YES;
				CLANG_WARN_OBJC_IMPLICIT_RETAIN_SELF = YES;
				CLANG_WARN_OBJC_LITERAL_CONVERSION = YES;
				CLANG_WARN_OBJC_ROOT_CLASS = YES_ERROR;
				CLANG_WARN_RANGE_LOOP_ANALYSIS = YES;
				CLANG_WARN_STRICT_PROTOTYPES = YES;
				CLANG_WARN_SUSPICIOUS_MOVE = YES;
				CLANG_WARN_UNREACHABLE_CODE = YES;
				CLANG_WARN__DUPLICATE_METHOD_MATCH = YES;
				"CODE_SIGN_IDENTITY[sdk=iphoneos*]" = "iPhone Developer";
				COPY_PHASE_STRIP = NO;
				DEBUG_INFORMATION_FORMAT = "dwarf-with-dsym";
				ENABLE_NS_ASSERTIONS = NO;
				ENABLE_STRICT_OBJC_MSGSEND = YES;
				GCC_C_LANGUAGE_STANDARD = gnu99;
				GCC_NO_COMMON_BLOCKS = YES;
				GCC_WARN_64_TO_32_BIT_CONVERSION = YES;
				GCC_WARN_ABOUT_RETURN_TYPE = YES_ERROR;
				GCC_WARN_UNDECLARED_SELECTOR = YES;
				GCC_WARN_UNINITIALIZED_AUTOS = YES_AGGRESSIVE;
				GCC_WARN_UNUSED_FUNCTION = YES;
				GCC_WARN_UNUSED_VARIABLE = YES;
				IPHONEOS_DEPLOYMENT_TARGET = 10.3;
				MTL_ENABLE_DEBUG_INFO = NO;
				SDKROOT = iphoneos;
				SWIFT_OPTIMIZATION_LEVEL = "-Owholemodule";
				SWIFT_VERSION = 3.0;
				TARGETED_DEVICE_FAMILY = "1,2";
				VALIDATE_PRODUCT = YES;
			};
			name = Release;
		};
		6DD2046C1F1C41C400E67728 /* Debug */ = {
			isa = XCBuildConfiguration;
			baseConfigurationReference = 1770EC37486B800D1326F389 /* Pods-nsx-watcher.debug.xcconfig */;
			buildSettings = {
				ASSETCATALOG_COMPILER_APPICON_NAME = AppIcon;
				ASSETCATALOG_COMPILER_LAUNCHIMAGE_NAME = LaunchImage;
				CODE_SIGN_STYLE = Automatic;
				DEVELOPMENT_TEAM = 5U8WFJ5LAS;
				INFOPLIST_FILE = "nsx-watcher/Info.plist";
				LD_RUNPATH_SEARCH_PATHS = "$(inherited) @executable_path/Frameworks";
				PRODUCT_BUNDLE_IDENTIFIER = au.com.henshin.nsxauctionwatch;
				PRODUCT_NAME = "$(TARGET_NAME)";
				SWIFT_OBJC_BRIDGING_HEADER = "${SRCROOT}/nsx-watcher/BridgingHeader.h";
				SWIFT_SWIFT3_OBJC_INFERENCE = Default;
				SWIFT_VERSION = 4.2;
			};
			name = Debug;
		};
		6DD2046D1F1C41C400E67728 /* Release */ = {
			isa = XCBuildConfiguration;
			baseConfigurationReference = AC69BCB8BA132EFC945ECFF9 /* Pods-nsx-watcher.release.xcconfig */;
			buildSettings = {
				ASSETCATALOG_COMPILER_APPICON_NAME = AppIcon;
				ASSETCATALOG_COMPILER_LAUNCHIMAGE_NAME = LaunchImage;
				CODE_SIGN_STYLE = Automatic;
				DEVELOPMENT_TEAM = 5U8WFJ5LAS;
				INFOPLIST_FILE = "nsx-watcher/Info.plist";
				LD_RUNPATH_SEARCH_PATHS = "$(inherited) @executable_path/Frameworks";
				PRODUCT_BUNDLE_IDENTIFIER = au.com.henshin.nsxauctionwatch;
				PRODUCT_NAME = "$(TARGET_NAME)";
				SWIFT_OBJC_BRIDGING_HEADER = "${SRCROOT}/nsx-watcher/BridgingHeader.h";
				SWIFT_SWIFT3_OBJC_INFERENCE = Default;
				SWIFT_VERSION = 4.2;
			};
			name = Release;
		};
		CB147FBD2213A58B0044258C /* Debug */ = {
			isa = XCBuildConfiguration;
			baseConfigurationReference = 2E520886264888D7E156C3FC /* Pods-nsx-watcherTests.debug.xcconfig */;
			buildSettings = {
				BUNDLE_LOADER = "$(TEST_HOST)";
				CLANG_CXX_LANGUAGE_STANDARD = "gnu++14";
				CLANG_ENABLE_OBJC_WEAK = YES;
				CLANG_WARN_UNGUARDED_AVAILABILITY = YES_AGGRESSIVE;
				CODE_SIGN_IDENTITY = "iPhone Developer";
				CODE_SIGN_STYLE = Automatic;
				DEVELOPMENT_TEAM = 5U8WFJ5LAS;
				GCC_C_LANGUAGE_STANDARD = gnu11;
				INFOPLIST_FILE = "nsx-watcherTests/Info.plist";
				IPHONEOS_DEPLOYMENT_TARGET = 12.1;
				LD_RUNPATH_SEARCH_PATHS = "$(inherited) @executable_path/Frameworks @loader_path/Frameworks";
				MTL_ENABLE_DEBUG_INFO = INCLUDE_SOURCE;
				MTL_FAST_MATH = YES;
				PRODUCT_BUNDLE_IDENTIFIER = "com.henshin.learning.nsx-watcherTests";
				PRODUCT_NAME = "$(TARGET_NAME)";
				SWIFT_VERSION = 4.2;
				TARGETED_DEVICE_FAMILY = "1,2";
				TEST_HOST = "$(BUILT_PRODUCTS_DIR)/nsx-watcher.app/nsx-watcher";
			};
			name = Debug;
		};
		CB147FBE2213A58B0044258C /* Release */ = {
			isa = XCBuildConfiguration;
			baseConfigurationReference = DCE9B78342A6042859714183 /* Pods-nsx-watcherTests.release.xcconfig */;
			buildSettings = {
				BUNDLE_LOADER = "$(TEST_HOST)";
				CLANG_CXX_LANGUAGE_STANDARD = "gnu++14";
				CLANG_ENABLE_OBJC_WEAK = YES;
				CLANG_WARN_UNGUARDED_AVAILABILITY = YES_AGGRESSIVE;
				CODE_SIGN_IDENTITY = "iPhone Developer";
				CODE_SIGN_STYLE = Automatic;
				DEVELOPMENT_TEAM = 5U8WFJ5LAS;
				GCC_C_LANGUAGE_STANDARD = gnu11;
				INFOPLIST_FILE = "nsx-watcherTests/Info.plist";
				IPHONEOS_DEPLOYMENT_TARGET = 12.1;
				LD_RUNPATH_SEARCH_PATHS = "$(inherited) @executable_path/Frameworks @loader_path/Frameworks";
				MTL_FAST_MATH = YES;
				PRODUCT_BUNDLE_IDENTIFIER = "com.henshin.learning.nsx-watcherTests";
				PRODUCT_NAME = "$(TARGET_NAME)";
				SWIFT_VERSION = 4.2;
				TARGETED_DEVICE_FAMILY = "1,2";
				TEST_HOST = "$(BUILT_PRODUCTS_DIR)/nsx-watcher.app/nsx-watcher";
			};
			name = Release;
		};
/* End XCBuildConfiguration section */

/* Begin XCConfigurationList section */
		6DD204511F1C41C400E67728 /* Build configuration list for PBXProject "nsx-watcher" */ = {
			isa = XCConfigurationList;
			buildConfigurations = (
				6DD204691F1C41C400E67728 /* Debug */,
				6DD2046A1F1C41C400E67728 /* Release */,
			);
			defaultConfigurationIsVisible = 0;
			defaultConfigurationName = Release;
		};
		6DD2046B1F1C41C400E67728 /* Build configuration list for PBXNativeTarget "nsx-watcher" */ = {
			isa = XCConfigurationList;
			buildConfigurations = (
				6DD2046C1F1C41C400E67728 /* Debug */,
				6DD2046D1F1C41C400E67728 /* Release */,
			);
			defaultConfigurationIsVisible = 0;
			defaultConfigurationName = Release;
		};
		CB147FBF2213A58B0044258C /* Build configuration list for PBXNativeTarget "nsx-watcherTests" */ = {
			isa = XCConfigurationList;
			buildConfigurations = (
				CB147FBD2213A58B0044258C /* Debug */,
				CB147FBE2213A58B0044258C /* Release */,
			);
			defaultConfigurationIsVisible = 0;
			defaultConfigurationName = Release;
		};
/* End XCConfigurationList section */
	};
	rootObject = 6DD2044E1F1C41C400E67728 /* Project object */;
}
