// !$*UTF8*$!
{
	archiveVersion = 1;
	classes = {
	};
	objectVersion = 46;
	objects = {

/* Begin PBXBuildFile section */
		1DE73A63B05CB3F528077BEB /* Pods_nsx_watcher.framework in Frameworks */ = {isa = PBXBuildFile; fileRef = DC599F112260A177FD02D6E5 /* Pods_nsx_watcher.framework */; };
		6DD2045A1F1C41C400E67728 /* AppDelegate.swift in Sources */ = {isa = PBXBuildFile; fileRef = 6DD204591F1C41C400E67728 /* AppDelegate.swift */; };
		6DD2045C1F1C41C400E67728 /* WebViewController.swift in Sources */ = {isa = PBXBuildFile; fileRef = 6DD2045B1F1C41C400E67728 /* WebViewController.swift */; };
		6DD2045F1F1C41C400E67728 /* Main.storyboard in Resources */ = {isa = PBXBuildFile; fileRef = 6DD2045D1F1C41C400E67728 /* Main.storyboard */; };
		6DD204641F1C41C400E67728 /* Assets.xcassets in Resources */ = {isa = PBXBuildFile; fileRef = 6DD204631F1C41C400E67728 /* Assets.xcassets */; };
		6DD204671F1C41C400E67728 /* LaunchScreen.storyboard in Resources */ = {isa = PBXBuildFile; fileRef = 6DD204651F1C41C400E67728 /* LaunchScreen.storyboard */; };
		6DDED5241F1C50DD00200FBB /* WatcherAPI.swift in Sources */ = {isa = PBXBuildFile; fileRef = 6DDED5231F1C50DD00200FBB /* WatcherAPI.swift */; };
		6DDED52B1F1C7BED00200FBB /* nsx_watcher.xcdatamodeld in Sources */ = {isa = PBXBuildFile; fileRef = 6DDED5271F1C7BED00200FBB /* nsx_watcher.xcdatamodeld */; };
		6DDED53A1F1C886400200FBB /* NSXEntry+CoreDataClass.swift in Sources */ = {isa = PBXBuildFile; fileRef = 6DDED5381F1C886400200FBB /* NSXEntry+CoreDataClass.swift */; };
		6DDED53B1F1C886400200FBB /* NSXEntry+CoreDataProperties.swift in Sources */ = {isa = PBXBuildFile; fileRef = 6DDED5391F1C886400200FBB /* NSXEntry+CoreDataProperties.swift */; };
		6DDED53D1F1C888800200FBB /* NSXEntry+CoreDataMethods.swift in Sources */ = {isa = PBXBuildFile; fileRef = 6DDED53C1F1C888800200FBB /* NSXEntry+CoreDataMethods.swift */; };
		6DDED53F1F1DD78100200FBB /* URLComponents+queryItems.swift in Sources */ = {isa = PBXBuildFile; fileRef = 6DDED53E1F1DD78100200FBB /* URLComponents+queryItems.swift */; };
		6DDED5411F1DDC7100200FBB /* NSXAuctionListingsViewController.swift in Sources */ = {isa = PBXBuildFile; fileRef = 6DDED5401F1DDC7100200FBB /* NSXAuctionListingsViewController.swift */; };
		CBE183A01F1EE12800D8E65E /* NSXAuctionListingCell.swift in Sources */ = {isa = PBXBuildFile; fileRef = CBE1839F1F1EE12800D8E65E /* NSXAuctionListingCell.swift */; };
		CBE183A21F1EE14B00D8E65E /* NSXAuctionListingsViewModel.swift in Sources */ = {isa = PBXBuildFile; fileRef = CBE183A11F1EE14B00D8E65E /* NSXAuctionListingsViewModel.swift */; };
/* End PBXBuildFile section */

/* Begin PBXFileReference section */
		1770EC37486B800D1326F389 /* Pods-nsx-watcher.debug.xcconfig */ = {isa = PBXFileReference; includeInIndex = 1; lastKnownFileType = text.xcconfig; name = "Pods-nsx-watcher.debug.xcconfig"; path = "Pods/Target Support Files/Pods-nsx-watcher/Pods-nsx-watcher.debug.xcconfig"; sourceTree = "<group>"; };
		6DD204561F1C41C400E67728 /* nsx-watcher.app */ = {isa = PBXFileReference; explicitFileType = wrapper.application; includeInIndex = 0; path = "nsx-watcher.app"; sourceTree = BUILT_PRODUCTS_DIR; };
		6DD204591F1C41C400E67728 /* AppDelegate.swift */ = {isa = PBXFileReference; lastKnownFileType = sourcecode.swift; path = AppDelegate.swift; sourceTree = "<group>"; };
		6DD2045B1F1C41C400E67728 /* WebViewController.swift */ = {isa = PBXFileReference; lastKnownFileType = sourcecode.swift; path = WebViewController.swift; sourceTree = "<group>"; };
		6DD2045E1F1C41C400E67728 /* Base */ = {isa = PBXFileReference; lastKnownFileType = file.storyboard; name = Base; path = Base.lproj/Main.storyboard; sourceTree = "<group>"; };
		6DD204631F1C41C400E67728 /* Assets.xcassets */ = {isa = PBXFileReference; lastKnownFileType = folder.assetcatalog; path = Assets.xcassets; sourceTree = "<group>"; };
		6DD204661F1C41C400E67728 /* Base */ = {isa = PBXFileReference; lastKnownFileType = file.storyboard; name = Base; path = Base.lproj/LaunchScreen.storyboard; sourceTree = "<group>"; };
		6DD204681F1C41C400E67728 /* Info.plist */ = {isa = PBXFileReference; lastKnownFileType = text.plist.xml; path = Info.plist; sourceTree = "<group>"; };
		6DD2046E1F1C41FC00E67728 /* README.md */ = {isa = PBXFileReference; fileEncoding = 4; lastKnownFileType = net.daringfireball.markdown; path = README.md; sourceTree = "<group>"; };
		6DDED5231F1C50DD00200FBB /* WatcherAPI.swift */ = {isa = PBXFileReference; fileEncoding = 4; lastKnownFileType = sourcecode.swift; path = WatcherAPI.swift; sourceTree = "<group>"; };
		6DDED5251F1C52B200200FBB /* BridgingHeader.h */ = {isa = PBXFileReference; lastKnownFileType = sourcecode.c.h; path = BridgingHeader.h; sourceTree = "<group>"; };
		6DDED5281F1C7BED00200FBB /* nsx_watcher.xcdatamodel */ = {isa = PBXFileReference; lastKnownFileType = wrapper.xcdatamodel; path = nsx_watcher.xcdatamodel; sourceTree = "<group>"; };
		6DDED5381F1C886400200FBB /* NSXEntry+CoreDataClass.swift */ = {isa = PBXFileReference; fileEncoding = 4; lastKnownFileType = sourcecode.swift; path = "NSXEntry+CoreDataClass.swift"; sourceTree = "<group>"; };
		6DDED5391F1C886400200FBB /* NSXEntry+CoreDataProperties.swift */ = {isa = PBXFileReference; fileEncoding = 4; lastKnownFileType = sourcecode.swift; path = "NSXEntry+CoreDataProperties.swift"; sourceTree = "<group>"; };
		6DDED53C1F1C888800200FBB /* NSXEntry+CoreDataMethods.swift */ = {isa = PBXFileReference; fileEncoding = 4; lastKnownFileType = sourcecode.swift; path = "NSXEntry+CoreDataMethods.swift"; sourceTree = "<group>"; };
		6DDED53E1F1DD78100200FBB /* URLComponents+queryItems.swift */ = {isa = PBXFileReference; fileEncoding = 4; lastKnownFileType = sourcecode.swift; path = "URLComponents+queryItems.swift"; sourceTree = "<group>"; };
		6DDED5401F1DDC7100200FBB /* NSXAuctionListingsViewController.swift */ = {isa = PBXFileReference; fileEncoding = 4; lastKnownFileType = sourcecode.swift; path = NSXAuctionListingsViewController.swift; sourceTree = "<group>"; };
		AC69BCB8BA132EFC945ECFF9 /* Pods-nsx-watcher.release.xcconfig */ = {isa = PBXFileReference; includeInIndex = 1; lastKnownFileType = text.xcconfig; name = "Pods-nsx-watcher.release.xcconfig"; path = "Pods/Target Support Files/Pods-nsx-watcher/Pods-nsx-watcher.release.xcconfig"; sourceTree = "<group>"; };
		CBE1839F1F1EE12800D8E65E /* NSXAuctionListingCell.swift */ = {isa = PBXFileReference; fileEncoding = 4; lastKnownFileType = sourcecode.swift; path = NSXAuctionListingCell.swift; sourceTree = "<group>"; };
		CBE183A11F1EE14B00D8E65E /* NSXAuctionListingsViewModel.swift */ = {isa = PBXFileReference; fileEncoding = 4; lastKnownFileType = sourcecode.swift; path = NSXAuctionListingsViewModel.swift; sourceTree = "<group>"; };
		DC599F112260A177FD02D6E5 /* Pods_nsx_watcher.framework */ = {isa = PBXFileReference; explicitFileType = wrapper.framework; includeInIndex = 0; path = Pods_nsx_watcher.framework; sourceTree = BUILT_PRODUCTS_DIR; };
/* End PBXFileReference section */

/* Begin PBXFrameworksBuildPhase section */
		6DD204531F1C41C400E67728 /* Frameworks */ = {
			isa = PBXFrameworksBuildPhase;
			buildActionMask = 2147483647;
			files = (
				1DE73A63B05CB3F528077BEB /* Pods_nsx_watcher.framework in Frameworks */,
			);
			runOnlyForDeploymentPostprocessing = 0;
		};
/* End PBXFrameworksBuildPhase section */

/* Begin PBXGroup section */
		1DA91EC3EA0005D050DB44B5 /* Pods */ = {
			isa = PBXGroup;
			children = (
				1770EC37486B800D1326F389 /* Pods-nsx-watcher.debug.xcconfig */,
				AC69BCB8BA132EFC945ECFF9 /* Pods-nsx-watcher.release.xcconfig */,
			);
			name = Pods;
			sourceTree = "<group>";
		};
		6DD2044D1F1C41C400E67728 = {
			isa = PBXGroup;
			children = (
				6DD204581F1C41C400E67728 /* nsx-watcher */,
				6DD204571F1C41C400E67728 /* Products */,
				6DD2046E1F1C41FC00E67728 /* README.md */,
				1DA91EC3EA0005D050DB44B5 /* Pods */,
				D1784A13697B044399DA2534 /* Frameworks */,
			);
			sourceTree = "<group>";
		};
		6DD204571F1C41C400E67728 /* Products */ = {
			isa = PBXGroup;
			children = (
				6DD204561F1C41C400E67728 /* nsx-watcher.app */,
			);
			name = Products;
			sourceTree = "<group>";
		};
		6DD204581F1C41C400E67728 /* nsx-watcher */ = {
			isa = PBXGroup;
			children = (
				6DD204591F1C41C400E67728 /* AppDelegate.swift */,
				6DDED5401F1DDC7100200FBB /* NSXAuctionListingsViewController.swift */,
				6DDED5231F1C50DD00200FBB /* WatcherAPI.swift */,
				6DD2045B1F1C41C400E67728 /* WebViewController.swift */,
				6DD2045D1F1C41C400E67728 /* Main.storyboard */,
				6DD204631F1C41C400E67728 /* Assets.xcassets */,
				6DD204651F1C41C400E67728 /* LaunchScreen.storyboard */,
				6DD204681F1C41C400E67728 /* Info.plist */,
				6DDED5251F1C52B200200FBB /* BridgingHeader.h */,
				6DDED53E1F1DD78100200FBB /* URLComponents+queryItems.swift */,
				CBE1839F1F1EE12800D8E65E /* NSXAuctionListingCell.swift */,
				CBE183A11F1EE14B00D8E65E /* NSXAuctionListingsViewModel.swift */,
				6DDED5261F1C7BED00200FBB /* models */,
			);
			path = "nsx-watcher";
			sourceTree = "<group>";
		};
		6DDED5261F1C7BED00200FBB /* models */ = {
			isa = PBXGroup;
			children = (
				6DDED5381F1C886400200FBB /* NSXEntry+CoreDataClass.swift */,
				6DDED5391F1C886400200FBB /* NSXEntry+CoreDataProperties.swift */,
				6DDED53C1F1C888800200FBB /* NSXEntry+CoreDataMethods.swift */,
				6DDED5271F1C7BED00200FBB /* nsx_watcher.xcdatamodeld */,
			);
			path = models;
			sourceTree = "<group>";
		};
		D1784A13697B044399DA2534 /* Frameworks */ = {
			isa = PBXGroup;
			children = (
				DC599F112260A177FD02D6E5 /* Pods_nsx_watcher.framework */,
			);
			name = Frameworks;
			sourceTree = "<group>";
		};
/* End PBXGroup section */

/* Begin PBXNativeTarget section */
		6DD204551F1C41C400E67728 /* nsx-watcher */ = {
			isa = PBXNativeTarget;
			buildConfigurationList = 6DD2046B1F1C41C400E67728 /* Build configuration list for PBXNativeTarget "nsx-watcher" */;
			buildPhases = (
				D9C957473A858C6F53E80C88 /* [CP] Check Pods Manifest.lock */,
				6DD204521F1C41C400E67728 /* Sources */,
				6DD204531F1C41C400E67728 /* Frameworks */,
				6DD204541F1C41C400E67728 /* Resources */,
				5F9DF2B1BA98B83A79DC3EB2 /* [CP] Embed Pods Frameworks */,
				CBE183A31F1EEF1F00D8E65E /* Increment build number */,
			);
			buildRules = (
			);
			dependencies = (
			);
			name = "nsx-watcher";
			productName = "nsx-watcher";
			productReference = 6DD204561F1C41C400E67728 /* nsx-watcher.app */;
			productType = "com.apple.product-type.application";
		};
/* End PBXNativeTarget section */

/* Begin PBXProject section */
		6DD2044E1F1C41C400E67728 /* Project object */ = {
			isa = PBXProject;
			attributes = {
				LastSwiftUpdateCheck = 0830;
				LastUpgradeCheck = 1010;
				ORGANIZATIONNAME = "Henshin Soft Pty Ltd";
				TargetAttributes = {
					6DD204551F1C41C400E67728 = {
						CreatedOnToolsVersion = 8.3.3;
						DevelopmentTeam = 5U8WFJ5LAS;
						LastSwiftMigration = 1010;
						ProvisioningStyle = Automatic;
					};
				};
			};
			buildConfigurationList = 6DD204511F1C41C400E67728 /* Build configuration list for PBXProject "nsx-watcher" */;
			compatibilityVersion = "Xcode 3.2";
			developmentRegion = English;
			hasScannedForEncodings = 0;
			knownRegions = (
				en,
				Base,
			);
			mainGroup = 6DD2044D1F1C41C400E67728;
			productRefGroup = 6DD204571F1C41C400E67728 /* Products */;
			projectDirPath = "";
			projectRoot = "";
			targets = (
				6DD204551F1C41C400E67728 /* nsx-watcher */,
			);
		};
/* End PBXProject section */

/* Begin PBXResourcesBuildPhase section */
		6DD204541F1C41C400E67728 /* Resources */ = {
			isa = PBXResourcesBuildPhase;
			buildActionMask = 2147483647;
			files = (
				6DD204671F1C41C400E67728 /* LaunchScreen.storyboard in Resources */,
				6DD204641F1C41C400E67728 /* Assets.xcassets in Resources */,
				6DD2045F1F1C41C400E67728 /* Main.storyboard in Resources */,
			);
			runOnlyForDeploymentPostprocessing = 0;
		};
/* End PBXResourcesBuildPhase section */

/* Begin PBXShellScriptBuildPhase section */
		5F9DF2B1BA98B83A79DC3EB2 /* [CP] Embed Pods Frameworks */ = {
			isa = PBXShellScriptBuildPhase;
			buildActionMask = 2147483647;
			files = (
			);
			inputPaths = (
				"${SRCROOT}/Pods/Target Support Files/Pods-nsx-watcher/Pods-nsx-watcher-frameworks.sh",
				"${BUILT_PRODUCTS_DIR}/AFNetworking/AFNetworking.framework",
				"${BUILT_PRODUCTS_DIR}/ARSLineProgress/ARSLineProgress.framework",
				"${BUILT_PRODUCTS_DIR}/HTMLKit/HTMLKit.framework",
			);
			name = "[CP] Embed Pods Frameworks";
			outputPaths = (
				"${TARGET_BUILD_DIR}/${FRAMEWORKS_FOLDER_PATH}/AFNetworking.framework",
				"${TARGET_BUILD_DIR}/${FRAMEWORKS_FOLDER_PATH}/ARSLineProgress.framework",
				"${TARGET_BUILD_DIR}/${FRAMEWORKS_FOLDER_PATH}/HTMLKit.framework",
			);
			runOnlyForDeploymentPostprocessing = 0;
			shellPath = /bin/sh;
			shellScript = "\"${SRCROOT}/Pods/Target Support Files/Pods-nsx-watcher/Pods-nsx-watcher-frameworks.sh\"\n";
			showEnvVarsInLog = 0;
		};
		CBE183A31F1EEF1F00D8E65E /* Increment build number */ = {
			isa = PBXShellScriptBuildPhase;
			buildActionMask = 2147483647;
			files = (
			);
			inputPaths = (
			);
			name = "Increment build number";
			outputPaths = (
			);
			runOnlyForDeploymentPostprocessing = 0;
			shellPath = /usr/bin/ruby;
			shellScript = "ver = `git rev-list --all |wc -l`.strip\nputs \"Build number is #{ver}\"\nfilepath = \"#{ENV['BUILT_PRODUCTS_DIR']}/#{ENV['INFOPLIST_PATH']}\"\nputs \"Updating #{filepath}\"\n`/usr/libexec/PlistBuddy -c \"Set :CFBundleVersion #{ver}\" \"#{filepath}\"`\nfilepath = \"#{ENV['DWARF_DSYM_FOLDER_PATH']}/#{ENV['DWARF_DSYM_FILE_NAME']}/Contents/Info.plist\"\nputs \"Updating dSYM at #{filepath}\"\n`/usr/libexec/PlistBuddy -c \"Set :CFBundleVersion #{ver}\" \"#{filepath}\"`";
		};
		D9C957473A858C6F53E80C88 /* [CP] Check Pods Manifest.lock */ = {
			isa = PBXShellScriptBuildPhase;
			buildActionMask = 2147483647;
			files = (
			);
			inputPaths = (
				"${PODS_PODFILE_DIR_PATH}/Podfile.lock",
				"${PODS_ROOT}/Manifest.lock",
			);
			name = "[CP] Check Pods Manifest.lock";
			outputPaths = (
				"$(DERIVED_FILE_DIR)/Pods-nsx-watcher-checkManifestLockResult.txt",
			);
			runOnlyForDeploymentPostprocessing = 0;
			shellPath = /bin/sh;
			shellScript = "diff \"${PODS_PODFILE_DIR_PATH}/Podfile.lock\" \"${PODS_ROOT}/Manifest.lock\" > /dev/null\nif [ $? != 0 ] ; then\n    # print error to STDERR\n    echo \"error: The sandbox is not in sync with the Podfile.lock. Run 'pod install' or update your CocoaPods installation.\" >&2\n    exit 1\nfi\n# This output is used by Xcode 'outputs' to avoid re-running this script phase.\necho \"SUCCESS\" > \"${SCRIPT_OUTPUT_FILE_0}\"\n";
			showEnvVarsInLog = 0;
		};
/* End PBXShellScriptBuildPhase section */

/* Begin PBXSourcesBuildPhase section */
		6DD204521F1C41C400E67728 /* Sources */ = {
			isa = PBXSourcesBuildPhase;
			buildActionMask = 2147483647;
			files = (
				6DDED5411F1DDC7100200FBB /* NSXAuctionListingsViewController.swift in Sources */,
				6DDED53B1F1C886400200FBB /* NSXEntry+CoreDataProperties.swift in Sources */,
				6DDED5241F1C50DD00200FBB /* WatcherAPI.swift in Sources */,
				6DD2045C1F1C41C400E67728 /* WebViewController.swift in Sources */,
				CBE183A01F1EE12800D8E65E /* NSXAuctionListingCell.swift in Sources */,
				6DDED53A1F1C886400200FBB /* NSXEntry+CoreDataClass.swift in Sources */,
				6DDED53D1F1C888800200FBB /* NSXEntry+CoreDataMethods.swift in Sources */,
				6DDED53F1F1DD78100200FBB /* URLComponents+queryItems.swift in Sources */,
				CBE183A21F1EE14B00D8E65E /* NSXAuctionListingsViewModel.swift in Sources */,
				6DDED52B1F1C7BED00200FBB /* nsx_watcher.xcdatamodeld in Sources */,
				6DD2045A1F1C41C400E67728 /* AppDelegate.swift in Sources */,
			);
			runOnlyForDeploymentPostprocessing = 0;
		};
/* End PBXSourcesBuildPhase section */

/* Begin PBXVariantGroup section */
		6DD2045D1F1C41C400E67728 /* Main.storyboard */ = {
			isa = PBXVariantGroup;
			children = (
				6DD2045E1F1C41C400E67728 /* Base */,
			);
			name = Main.storyboard;
			sourceTree = "<group>";
		};
		6DD204651F1C41C400E67728 /* LaunchScreen.storyboard */ = {
			isa = PBXVariantGroup;
			children = (
				6DD204661F1C41C400E67728 /* Base */,
			);
			name = LaunchScreen.storyboard;
			sourceTree = "<group>";
		};
/* End PBXVariantGroup section */

/* Begin XCBuildConfiguration section */
		6DD204691F1C41C400E67728 /* Debug */ = {
			isa = XCBuildConfiguration;
			buildSettings = {
				ALWAYS_SEARCH_USER_PATHS = NO;
				CLANG_ANALYZER_NONNULL = YES;
				CLANG_ANALYZER_NUMBER_OBJECT_CONVERSION = YES_AGGRESSIVE;
				CLANG_CXX_LANGUAGE_STANDARD = "gnu++0x";
				CLANG_CXX_LIBRARY = "libc++";
				CLANG_ENABLE_MODULES = YES;
				CLANG_ENABLE_OBJC_ARC = YES;
				CLANG_WARN_BLOCK_CAPTURE_AUTORELEASING = YES;
				CLANG_WARN_BOOL_CONVERSION = YES;
				CLANG_WARN_COMMA = YES;
				CLANG_WARN_CONSTANT_CONVERSION = YES;
				CLANG_WARN_DEPRECATED_OBJC_IMPLEMENTATIONS = YES;
				CLANG_WARN_DIRECT_OBJC_ISA_USAGE = YES_ERROR;
				CLANG_WARN_DOCUMENTATION_COMMENTS = YES;
				CLANG_WARN_EMPTY_BODY = YES;
				CLANG_WARN_ENUM_CONVERSION = YES;
				CLANG_WARN_INFINITE_RECURSION = YES;
				CLANG_WARN_INT_CONVERSION = YES;
				CLANG_WARN_NON_LITERAL_NULL_CONVERSION = YES;
				CLANG_WARN_OBJC_IMPLICIT_RETAIN_SELF = YES;
				CLANG_WARN_OBJC_LITERAL_CONVERSION = YES;
				CLANG_WARN_OBJC_ROOT_CLASS = YES_ERROR;
				CLANG_WARN_RANGE_LOOP_ANALYSIS = YES;
				CLANG_WARN_STRICT_PROTOTYPES = YES;
				CLANG_WARN_SUSPICIOUS_MOVE = YES;
				CLANG_WARN_UNREACHABLE_CODE = YES;
				CLANG_WARN__DUPLICATE_METHOD_MATCH = YES;
				"CODE_SIGN_IDENTITY[sdk=iphoneos*]" = "iPhone Developer";
				COPY_PHASE_STRIP = NO;
				DEBUG_INFORMATION_FORMAT = dwarf;
				ENABLE_STRICT_OBJC_MSGSEND = YES;
				ENABLE_TESTABILITY = YES;
				GCC_C_LANGUAGE_STANDARD = gnu99;
				GCC_DYNAMIC_NO_PIC = NO;
				GCC_NO_COMMON_BLOCKS = YES;
				GCC_OPTIMIZATION_LEVEL = 0;
				GCC_PREPROCESSOR_DEFINITIONS = (
					"DEBUG=1",
					"$(inherited)",
				);
				GCC_WARN_64_TO_32_BIT_CONVERSION = YES;
				GCC_WARN_ABOUT_RETURN_TYPE = YES_ERROR;
				GCC_WARN_UNDECLARED_SELECTOR = YES;
				GCC_WARN_UNINITIALIZED_AUTOS = YES_AGGRESSIVE;
				GCC_WARN_UNUSED_FUNCTION = YES;
				GCC_WARN_UNUSED_VARIABLE = YES;
				IPHONEOS_DEPLOYMENT_TARGET = 10.3;
				MTL_ENABLE_DEBUG_INFO = YES;
				ONLY_ACTIVE_ARCH = YES;
				SDKROOT = iphoneos;
				SWIFT_ACTIVE_COMPILATION_CONDITIONS = DEBUG;
				SWIFT_OPTIMIZATION_LEVEL = "-Onone";
				SWIFT_VERSION = 3.0;
				TARGETED_DEVICE_FAMILY = "1,2";
			};
			name = Debug;
		};
		6DD2046A1F1C41C400E67728 /* Release */ = {
			isa = XCBuildConfiguration;
			buildSettings = {
				ALWAYS_SEARCH_USER_PATHS = NO;
				CLANG_ANALYZER_NONNULL = YES;
				CLANG_ANALYZER_NUMBER_OBJECT_CONVERSION = YES_AGGRESSIVE;
				CLANG_CXX_LANGUAGE_STANDARD = "gnu++0x";
				CLANG_CXX_LIBRARY = "libc++";
				CLANG_ENABLE_MODULES = YES;
				CLANG_ENABLE_OBJC_ARC = YES;
				CLANG_WARN_BLOCK_CAPTURE_AUTORELEASING = YES;
				CLANG_WARN_BOOL_CONVERSION = YES;
				CLANG_WARN_COMMA = YES;
				CLANG_WARN_CONSTANT_CONVERSION = YES;
				CLANG_WARN_DEPRECATED_OBJC_IMPLEMENTATIONS = YES;
				CLANG_WARN_DIRECT_OBJC_ISA_USAGE = YES_ERROR;
				CLANG_WARN_DOCUMENTATION_COMMENTS = YES;
				CLANG_WARN_EMPTY_BODY = YES;
				CLANG_WARN_ENUM_CONVERSION = YES;
				CLANG_WARN_INFINITE_RECURSION = YES;
				CLANG_WARN_INT_CONVERSION = YES;
				CLANG_WARN_NON_LITERAL_NULL_CONVERSION = YES;
				CLANG_WARN_OBJC_IMPLICIT_RETAIN_SELF = YES;
				CLANG_WARN_OBJC_LITERAL_CONVERSION = YES;
				CLANG_WARN_OBJC_ROOT_CLASS = YES_ERROR;
				CLANG_WARN_RANGE_LOOP_ANALYSIS = YES;
				CLANG_WARN_STRICT_PROTOTYPES = YES;
				CLANG_WARN_SUSPICIOUS_MOVE = YES;
				CLANG_WARN_UNREACHABLE_CODE = YES;
				CLANG_WARN__DUPLICATE_METHOD_MATCH = YES;
				"CODE_SIGN_IDENTITY[sdk=iphoneos*]" = "iPhone Developer";
				COPY_PHASE_STRIP = NO;
				DEBUG_INFORMATION_FORMAT = "dwarf-with-dsym";
				ENABLE_NS_ASSERTIONS = NO;
				ENABLE_STRICT_OBJC_MSGSEND = YES;
				GCC_C_LANGUAGE_STANDARD = gnu99;
				GCC_NO_COMMON_BLOCKS = YES;
				GCC_WARN_64_TO_32_BIT_CONVERSION = YES;
				GCC_WARN_ABOUT_RETURN_TYPE = YES_ERROR;
				GCC_WARN_UNDECLARED_SELECTOR = YES;
				GCC_WARN_UNINITIALIZED_AUTOS = YES_AGGRESSIVE;
				GCC_WARN_UNUSED_FUNCTION = YES;
				GCC_WARN_UNUSED_VARIABLE = YES;
				IPHONEOS_DEPLOYMENT_TARGET = 10.3;
				MTL_ENABLE_DEBUG_INFO = NO;
				SDKROOT = iphoneos;
				SWIFT_OPTIMIZATION_LEVEL = "-Owholemodule";
				SWIFT_VERSION = 3.0;
				TARGETED_DEVICE_FAMILY = "1,2";
				VALIDATE_PRODUCT = YES;
			};
			name = Release;
		};
		6DD2046C1F1C41C400E67728 /* Debug */ = {
			isa = XCBuildConfiguration;
			baseConfigurationReference = 1770EC37486B800D1326F389 /* Pods-nsx-watcher.debug.xcconfig */;
			buildSettings = {
				ASSETCATALOG_COMPILER_APPICON_NAME = AppIcon;
				ASSETCATALOG_COMPILER_LAUNCHIMAGE_NAME = LaunchImage;
				CODE_SIGN_STYLE = Automatic;
				DEVELOPMENT_TEAM = 5U8WFJ5LAS;
				INFOPLIST_FILE = "nsx-watcher/Info.plist";
				LD_RUNPATH_SEARCH_PATHS = "$(inherited) @executable_path/Frameworks";
				PRODUCT_BUNDLE_IDENTIFIER = au.com.henshin.nsxauctionwatch;
				PRODUCT_NAME = "$(TARGET_NAME)";
				SWIFT_OBJC_BRIDGING_HEADER = "${SRCROOT}/nsx-watcher/BridgingHeader.h";
				SWIFT_SWIFT3_OBJC_INFERENCE = Default;
				SWIFT_VERSION = 4.2;
			};
			name = Debug;
		};
		6DD2046D1F1C41C400E67728 /* Release */ = {
			isa = XCBuildConfiguration;
			baseConfigurationReference = AC69BCB8BA132EFC945ECFF9 /* Pods-nsx-watcher.release.xcconfig */;
			buildSettings = {
				ASSETCATALOG_COMPILER_APPICON_NAME = AppIcon;
				ASSETCATALOG_COMPILER_LAUNCHIMAGE_NAME = LaunchImage;
				CODE_SIGN_STYLE = Automatic;
				DEVELOPMENT_TEAM = 5U8WFJ5LAS;
				INFOPLIST_FILE = "nsx-watcher/Info.plist";
				LD_RUNPATH_SEARCH_PATHS = "$(inherited) @executable_path/Frameworks";
				PRODUCT_BUNDLE_IDENTIFIER = au.com.henshin.nsxauctionwatch;
				PRODUCT_NAME = "$(TARGET_NAME)";
				SWIFT_OBJC_BRIDGING_HEADER = "${SRCROOT}/nsx-watcher/BridgingHeader.h";
				SWIFT_SWIFT3_OBJC_INFERENCE = Default;
				SWIFT_VERSION = 4.2;
			};
			name = Release;
		};
/* End XCBuildConfiguration section */

/* Begin XCConfigurationList section */
		6DD204511F1C41C400E67728 /* Build configuration list for PBXProject "nsx-watcher" */ = {
			isa = XCConfigurationList;
			buildConfigurations = (
				6DD204691F1C41C400E67728 /* Debug */,
				6DD2046A1F1C41C400E67728 /* Release */,
			);
			defaultConfigurationIsVisible = 0;
			defaultConfigurationName = Release;
		};
		6DD2046B1F1C41C400E67728 /* Build configuration list for PBXNativeTarget "nsx-watcher" */ = {
			isa = XCConfigurationList;
			buildConfigurations = (
				6DD2046C1F1C41C400E67728 /* Debug */,
				6DD2046D1F1C41C400E67728 /* Release */,
			);
			defaultConfigurationIsVisible = 0;
			defaultConfigurationName = Release;
		};
/* End XCConfigurationList section */

/* Begin XCVersionGroup section */
		6DDED5271F1C7BED00200FBB /* nsx_watcher.xcdatamodeld */ = {
			isa = XCVersionGroup;
			children = (
				6DDED5281F1C7BED00200FBB /* nsx_watcher.xcdatamodel */,
			);
			currentVersion = 6DDED5281F1C7BED00200FBB /* nsx_watcher.xcdatamodel */;
			path = nsx_watcher.xcdatamodeld;
			sourceTree = "<group>";
			versionGroupType = wrapper.xcdatamodel;
		};
/* End XCVersionGroup section */
	};
	rootObject = 6DD2044E1F1C41C400E67728 /* Project object */;
}
